
Microsoft Visual Studio Solution File, Format Version 12.00
# Visual Studio 15
VisualStudioVersion = 15.0.27428.2015
MinimumVisualStudioVersion = 10.0.40219.1
Project("{FAE04EC0-301F-11D3-BF4B-00C04F79EFBC}") = "CarteiraVirtual", "CarteiraVirtual\CarteiraVirtual.csproj", "{1A004351-D3B5-4698-9C2D-D2A11854A904}"
EndProject
Global
	GlobalSection(SolutionConfigurationPlatforms) = preSolution
		Debug|Any CPU = Debug|Any CPU
		Release|Any CPU = Release|Any CPU
	EndGlobalSection
	GlobalSection(ProjectConfigurationPlatforms) = postSolution
		{1A004351-D3B5-4698-9C2D-D2A11854A904}.Debug|Any CPU.ActiveCfg = Debug|Any CPU
		{1A004351-D3B5-4698-9C2D-D2A11854A904}.Debug|Any CPU.Build.0 = Debug|Any CPU
		{1A004351-D3B5-4698-9C2D-D2A11854A904}.Release|Any CPU.ActiveCfg = Release|Any CPU
		{1A004351-D3B5-4698-9C2D-D2A11854A904}.Release|Any CPU.Build.0 = Release|Any CPU
	EndGlobalSection
	GlobalSection(SolutionProperties) = preSolution
		HideSolutionNode = FALSE
	EndGlobalSection
	GlobalSection(ExtensibilityGlobals) = postSolution
		SolutionGuid = {F829D5CB-0A98-4097-87BB-4D465F16445E}
	EndGlobalSection
	GlobalSection(TeamFoundationVersionControl) = preSolution
		SccNumberOfProjects = 2
		SccEnterpriseProvider = {4CA58AB2-18FA-4F8D-95D4-32DDF27D184C}
		SccTeamFoundationServer = https://pjvcarteiravirtual.visualstudio.com/
		SccLocalPath0 = .
		SccProjectUniqueName1 = CarteiraVirtual\\CarteiraVirtual.csproj
		SccProjectName1 = CarteiraVirtual
		SccLocalPath1 = CarteiraVirtual
	EndGlobalSection
EndGlobal
